// !$*UTF8*$!
{
	archiveVersion = 1;
	classes = {
	};
	objectVersion = 50;
	objects = {

/* Begin PBXBuildFile section */
		2A514D82230566560035EC5E /* main.c in Sources */ = {isa = PBXBuildFile; fileRef = 2A514D81230566560035EC5E /* main.c */; };
/* End PBXBuildFile section */

/* Begin PBXContainerItemProxy section */
		2A514D8C230566B90035EC5E /* PBXContainerItemProxy */ = {
			isa = PBXContainerItemProxy;
			containerPortal = 2A514D88230566B90035EC5E /* UNPClient.xcodeproj */;
			proxyType = 2;
			remoteGlobalIDString = 2A514D3F230563E20035EC5E;
			remoteInfo = UNPClient;
		};
		2A514D92230566C10035EC5E /* PBXContainerItemProxy */ = {
			isa = PBXContainerItemProxy;
			containerPortal = 2A514D8E230566C10035EC5E /* UNPServer.xcodeproj */;
			proxyType = 2;
			remoteGlobalIDString = 2A514D6B230564470035EC5E;
			remoteInfo = UNPServer;
		};
/* End PBXContainerItemProxy section */

/* Begin PBXCopyFilesBuildPhase section */
		2A514D7C230566560035EC5E /* CopyFiles */ = {
			isa = PBXCopyFilesBuildPhase;
			buildActionMask = 2147483647;
			dstPath = /usr/share/man/man1/;
			dstSubfolderSpec = 0;
			files = (
			);
			runOnlyForDeploymentPostprocessing = 1;
		};
/* End PBXCopyFilesBuildPhase section */

/* Begin PBXFileReference section */
		2A514D7E230566560035EC5E /* UNPLesson */ = {isa = PBXFileReference; explicitFileType = "compiled.mach-o.executable"; includeInIndex = 0; path = UNPLesson; sourceTree = BUILT_PRODUCTS_DIR; };
		2A514D81230566560035EC5E /* main.c */ = {isa = PBXFileReference; lastKnownFileType = sourcecode.c.c; path = main.c; sourceTree = "<group>"; };
		2A514D88230566B90035EC5E /* UNPClient.xcodeproj */ = {isa = PBXFileReference; lastKnownFileType = "wrapper.pb-project"; name = UNPClient.xcodeproj; path = ../UNPClient/UNPClient.xcodeproj; sourceTree = "<group>"; };
		2A514D8E230566C10035EC5E /* UNPServer.xcodeproj */ = {isa = PBXFileReference; lastKnownFileType = "wrapper.pb-project"; name = UNPServer.xcodeproj; path = ../UNPServer/UNPServer.xcodeproj; sourceTree = "<group>"; };
		2A514D952305670E0035EC5E /* libunp.a */ = {isa = PBXFileReference; lastKnownFileType = archive.ar; name = libunp.a; path = ../libs/libunp.a; sourceTree = "<group>"; };
/* End PBXFileReference section */

/* Begin PBXFrameworksBuildPhase section */
		2A514D7B230566560035EC5E /* Frameworks */ = {
			isa = PBXFrameworksBuildPhase;
			buildActionMask = 2147483647;
			files = (
			);
			runOnlyForDeploymentPostprocessing = 0;
		};
/* End PBXFrameworksBuildPhase section */

/* Begin PBXGroup section */
		2A514D75230566560035EC5E = {
			isa = PBXGroup;
			children = (
				2A514D8E230566C10035EC5E /* UNPServer.xcodeproj */,
				2A514D88230566B90035EC5E /* UNPClient.xcodeproj */,
				2A514D80230566560035EC5E /* UNPLesson */,
				2A514D7F230566560035EC5E /* Products */,
				2A514D942305670E0035EC5E /* Frameworks */,
			);
			sourceTree = "<group>";
		};
		2A514D7F230566560035EC5E /* Products */ = {
			isa = PBXGroup;
			children = (
				2A514D7E230566560035EC5E /* UNPLesson */,
			);
			name = Products;
			sourceTree = "<group>";
		};
		2A514D80230566560035EC5E /* UNPLesson */ = {
			isa = PBXGroup;
			children = (
				2A514D81230566560035EC5E /* main.c */,
			);
			path = UNPLesson;
			sourceTree = "<group>";
		};
		2A514D89230566B90035EC5E /* Products */ = {
			isa = PBXGroup;
			children = (
				2A514D8D230566B90035EC5E /* UNPClient */,
			);
			name = Products;
			sourceTree = "<group>";
		};
		2A514D8F230566C10035EC5E /* Products */ = {
			isa = PBXGroup;
			children = (
				2A514D93230566C10035EC5E /* UNPServer */,
			);
			name = Products;
			sourceTree = "<group>";
		};
		2A514D942305670E0035EC5E /* Frameworks */ = {
			isa = PBXGroup;
			children = (
				2A514D952305670E0035EC5E /* libunp.a */,
			);
			name = Frameworks;
			sourceTree = "<group>";
		};
/* End PBXGroup section */

/* Begin PBXNativeTarget section */
		2A514D7D230566560035EC5E /* UNPLesson */ = {
			isa = PBXNativeTarget;
			buildConfigurationList = 2A514D85230566560035EC5E /* Build configuration list for PBXNativeTarget "UNPLesson" */;
			buildPhases = (
				2A514D7A230566560035EC5E /* Sources */,
				2A514D7B230566560035EC5E /* Frameworks */,
				2A514D7C230566560035EC5E /* CopyFiles */,
			);
			buildRules = (
			);
			dependencies = (
			);
			name = UNPLesson;
			productName = UNPLesson;
			productReference = 2A514D7E230566560035EC5E /* UNPLesson */;
			productType = "com.apple.product-type.tool";
		};
/* End PBXNativeTarget section */

/* Begin PBXProject section */
		2A514D76230566560035EC5E /* Project object */ = {
			isa = PBXProject;
			attributes = {
				LastUpgradeCheck = 1020;
				ORGANIZATIONNAME = smart;
				TargetAttributes = {
					2A514D7D230566560035EC5E = {
						CreatedOnToolsVersion = 10.2.1;
					};
				};
			};
			buildConfigurationList = 2A514D79230566560035EC5E /* Build configuration list for PBXProject "UNPLesson" */;
			compatibilityVersion = "Xcode 9.3";
			developmentRegion = en;
			hasScannedForEncodings = 0;
			knownRegions = (
				en,
			);
			mainGroup = 2A514D75230566560035EC5E;
			productRefGroup = 2A514D7F230566560035EC5E /* Products */;
			projectDirPath = "";
			projectReferences = (
				{
					ProductGroup = 2A514D89230566B90035EC5E /* Products */;
					ProjectRef = 2A514D88230566B90035EC5E /* UNPClient.xcodeproj */;
				},
				{
					ProductGroup = 2A514D8F230566C10035EC5E /* Products */;
					ProjectRef = 2A514D8E230566C10035EC5E /* UNPServer.xcodeproj */;
				},
			);
			projectRoot = "";
			targets = (
				2A514D7D230566560035EC5E /* UNPLesson */,
			);
		};
/* End PBXProject section */

/* Begin PBXReferenceProxy section */
		2A514D8D230566B90035EC5E /* UNPClient */ = {
			isa = PBXReferenceProxy;
			fileType = "compiled.mach-o.executable";
			path = UNPClient;
			remoteRef = 2A514D8C230566B90035EC5E /* PBXContainerItemProxy */;
			sourceTree = BUILT_PRODUCTS_DIR;
		};
		2A514D93230566C10035EC5E /* UNPServer */ = {
			isa = PBXReferenceProxy;
			fileType = "compiled.mach-o.executable";
			path = UNPServer;
			remoteRef = 2A514D92230566C10035EC5E /* PBXContainerItemProxy */;
			sourceTree = BUILT_PRODUCTS_DIR;
		};
/* End PBXReferenceProxy section */

/* Begin PBXSourcesBuildPhase section */
		2A514D7A230566560035EC5E /* Sources */ = {
			isa = PBXSourcesBuildPhase;
			buildActionMask = 2147483647;
			files = (
				2A514D82230566560035EC5E /* main.c in Sources */,
			);
			runOnlyForDeploymentPostprocessing = 0;
		};
/* End PBXSourcesBuildPhase section */

/* Begin XCBuildConfiguration section */
		2A514D83230566560035EC5E /* Debug */ = {
			isa = XCBuildConfiguration;
			buildSettings = {
				ALWAYS_SEARCH_USER_PATHS = NO;
				CLANG_ANALYZER_NONNULL = YES;
				CLANG_ANALYZER_NUMBER_OBJECT_CONVERSION = YES_AGGRESSIVE;
				CLANG_CXX_LANGUAGE_STANDARD = "gnu++14";
				CLANG_CXX_LIBRARY = "libc++";
				CLANG_ENABLE_MODULES = YES;
				CLANG_ENABLE_OBJC_ARC = YES;
				CLANG_ENABLE_OBJC_WEAK = YES;
				CLANG_WARN_BLOCK_CAPTURE_AUTORELEASING = YES;
				CLANG_WARN_BOOL_CONVERSION = YES;
				CLANG_WARN_COMMA = YES;
				CLANG_WARN_CONSTANT_CONVERSION = YES;
				CLANG_WARN_DEPRECATED_OBJC_IMPLEMENTATIONS = YES;
				CLANG_WARN_DIRECT_OBJC_ISA_USAGE = YES_ERROR;
				CLANG_WARN_DOCUMENTATION_COMMENTS = YES;
				CLANG_WARN_EMPTY_BODY = YES;
				CLANG_WARN_ENUM_CONVERSION = YES;
				CLANG_WARN_INFINITE_RECURSION = YES;
				CLANG_WARN_INT_CONVERSION = YES;
				CLANG_WARN_NON_LITERAL_NULL_CONVERSION = YES;
				CLANG_WARN_OBJC_IMPLICIT_RETAIN_SELF = YES;
				CLANG_WARN_OBJC_LITERAL_CONVERSION = YES;
				CLANG_WARN_OBJC_ROOT_CLASS = YES_ERROR;
				CLANG_WARN_RANGE_LOOP_ANALYSIS = YES;
				CLANG_WARN_STRICT_PROTOTYPES = YES;
				CLANG_WARN_SUSPICIOUS_MOVE = YES;
				CLANG_WARN_UNGUARDED_AVAILABILITY = YES_AGGRESSIVE;
				CLANG_WARN_UNREACHABLE_CODE = YES;
				CLANG_WARN__DUPLICATE_METHOD_MATCH = YES;
				CODE_SIGN_IDENTITY = "Mac Developer";
				COPY_PHASE_STRIP = NO;
				DEBUG_INFORMATION_FORMAT = dwarf;
				ENABLE_STRICT_OBJC_MSGSEND = YES;
				ENABLE_TESTABILITY = YES;
				GCC_C_LANGUAGE_STANDARD = gnu11;
				GCC_DYNAMIC_NO_PIC = NO;
				GCC_NO_COMMON_BLOCKS = YES;
				GCC_OPTIMIZATION_LEVEL = 0;
				GCC_PREPROCESSOR_DEFINITIONS = (
					"DEBUG=1",
					"$(inherited)",
				);
				GCC_WARN_64_TO_32_BIT_CONVERSION = YES;
				GCC_WARN_ABOUT_RETURN_TYPE = YES_ERROR;
				GCC_WARN_UNDECLARED_SELECTOR = YES;
				GCC_WARN_UNINITIALIZED_AUTOS = YES_AGGRESSIVE;
				GCC_WARN_UNUSED_FUNCTION = YES;
				GCC_WARN_UNUSED_VARIABLE = YES;
				MACOSX_DEPLOYMENT_TARGET = 10.14;
				MTL_ENABLE_DEBUG_INFO = INCLUDE_SOURCE;
				MTL_FAST_MATH = YES;
				ONLY_ACTIVE_ARCH = YES;
				SDKROOT = macosx;
			};
			name = Debug;
		};
		2A514D84230566560035EC5E /* Release */ = {
			isa = XCBuildConfiguration;
			buildSettings = {
				ALWAYS_SEARCH_USER_PATHS = NO;
				CLANG_ANALYZER_NONNULL = YES;
				CLANG_ANALYZER_NUMBER_OBJECT_CONVERSION = YES_AGGRESSIVE;
				CLANG_CXX_LANGUAGE_STANDARD = "gnu++14";
				CLANG_CXX_LIBRARY = "libc++";
				CLANG_ENABLE_MODULES = YES;
				CLANG_ENABLE_OBJC_ARC = YES;
				CLANG_ENABLE_OBJC_WEAK = YES;
				CLANG_WARN_BLOCK_CAPTURE_AUTORELEASING = YES;
				CLANG_WARN_BOOL_CONVERSION = YES;
				CLANG_WARN_COMMA = YES;
				CLANG_WARN_CONSTANT_CONVERSION = YES;
				CLANG_WARN_DEPRECATED_OBJC_IMPLEMENTATIONS = YES;
				CLANG_WARN_DIRECT_OBJC_ISA_USAGE = YES_ERROR;
				CLANG_WARN_DOCUMENTATION_COMMENTS = YES;
				CLANG_WARN_EMPTY_BODY = YES;
				CLANG_WARN_ENUM_CONVERSION = YES;
				CLANG_WARN_INFINITE_RECURSION = YES;
				CLANG_WARN_INT_CONVERSION = YES;
				CLANG_WARN_NON_LITERAL_NULL_CONVERSION = YES;
				CLANG_WARN_OBJC_IMPLICIT_RETAIN_SELF = YES;
				CLANG_WARN_OBJC_LITERAL_CONVERSION = YES;
				CLANG_WARN_OBJC_ROOT_CLASS = YES_ERROR;
				CLANG_WARN_RANGE_LOOP_ANALYSIS = YES;
				CLANG_WARN_STRICT_PROTOTYPES = YES;
				CLANG_WARN_SUSPICIOUS_MOVE = YES;
				CLANG_WARN_UNGUARDED_AVAILABILITY = YES_AGGRESSIVE;
				CLANG_WARN_UNREACHABLE_CODE = YES;
				CLANG_WARN__DUPLICATE_METHOD_MATCH = YES;
				CODE_SIGN_IDENTITY = "Mac Developer";
				COPY_PHASE_STRIP = NO;
				DEBUG_INFORMATION_FORMAT = "dwarf-with-dsym";
				ENABLE_NS_ASSERTIONS = NO;
				ENABLE_STRICT_OBJC_MSGSEND = YES;
				GCC_C_LANGUAGE_STANDARD = gnu11;
				GCC_NO_COMMON_BLOCKS = YES;
				GCC_WARN_64_TO_32_BIT_CONVERSION = YES;
				GCC_WARN_ABOUT_RETURN_TYPE = YES_ERROR;
				GCC_WARN_UNDECLARED_SELECTOR = YES;
				GCC_WARN_UNINITIALIZED_AUTOS = YES_AGGRESSIVE;
				GCC_WARN_UNUSED_FUNCTION = YES;
				GCC_WARN_UNUSED_VARIABLE = YES;
				MACOSX_DEPLOYMENT_TARGET = 10.14;
				MTL_ENABLE_DEBUG_INFO = NO;
				MTL_FAST_MATH = YES;
				SDKROOT = macosx;
			};
			name = Release;
		};
		2A514D86230566560035EC5E /* Debug */ = {
			isa = XCBuildConfiguration;
			buildSettings = {
				CODE_SIGN_STYLE = Automatic;
				DEVELOPMENT_TEAM = KL99CD99DM;
				PRODUCT_NAME = "$(TARGET_NAME)";
			};
			name = Debug;
		};
		2A514D87230566560035EC5E /* Release */ = {
			isa = XCBuildConfiguration;
			buildSettings = {
				CODE_SIGN_STYLE = Automatic;
				DEVELOPMENT_TEAM = KL99CD99DM;
				PRODUCT_NAME = "$(TARGET_NAME)";
			};
			name = Release;
		};
/* End XCBuildConfiguration section */

/* Begin XCConfigurationList section */
		2A514D79230566560035EC5E /* Build configuration list for PBXProject "UNPLesson" */ = {
			isa = XCConfigurationList;
			buildConfigurations = (
				2A514D83230566560035EC5E /* Debug */,
				2A514D84230566560035EC5E /* Release */,
			);
			defaultConfigurationIsVisible = 0;
			defaultConfigurationName = Release;
		};
		2A514D85230566560035EC5E /* Build configuration list for PBXNativeTarget "UNPLesson" */ = {
			isa = XCConfigurationList;
			buildConfigurations = (
				2A514D86230566560035EC5E /* Debug */,
				2A514D87230566560035EC5E /* Release */,
			);
			defaultConfigurationIsVisible = 0;
			defaultConfigurationName = Release;
		};
/* End XCConfigurationList section */
	};
	rootObject = 2A514D76230566560035EC5E /* Project object */;
}
